
Microsoft Visual Studio Solution File, Format Version 12.00
# Visual Studio Version 17
VisualStudioVersion = 17.1.32319.34
MinimumVisualStudioVersion = 10.0.40219.1
Project("{9A19103F-16F7-4668-BE54-9A1E7A4F7556}") = "Thea", "Thea\Thea.csproj", "{6758658F-2E5B-4C66-9B33-74EEDF602DBF}"
EndProject
Project("{9A19103F-16F7-4668-BE54-9A1E7A4F7556}") = "Thea.Logger", "Thea.Logger\Thea.Logger.csproj", "{8FBFF02A-C337-4E71-8F21-43D669F75633}"
EndProject
Project("{9A19103F-16F7-4668-BE54-9A1E7A4F7556}") = "Thea.Web", "Thea.Web\Thea.Web.csproj", "{E51D6E25-828A-42B3-9184-D3B8129D0AA5}"
EndProject
Project("{9A19103F-16F7-4668-BE54-9A1E7A4F7556}") = "Thea.Trolley", "Thea.Trolley\Thea.Trolley.csproj", "{43D3455E-0522-48F1-9878-7630D6282920}"
EndProject
Project("{9A19103F-16F7-4668-BE54-9A1E7A4F7556}") = "Thea.Pipeline", "Thea.Pipeline\Thea.Pipeline.csproj", "{5FC2A613-229D-4348-935C-9C6D0C6CF8F4}"
EndProject
Project("{9A19103F-16F7-4668-BE54-9A1E7A4F7556}") = "ConsoleAppTest", "ConsoleAppTest\ConsoleAppTest.csproj", "{2AA41D5A-20AC-4335-99D2-77BB90C8037C}"
EndProject
Global
	GlobalSection(SolutionConfigurationPlatforms) = preSolution
		Debug|Any CPU = Debug|Any CPU
		Release|Any CPU = Release|Any CPU
	EndGlobalSection
	GlobalSection(ProjectConfigurationPlatforms) = postSolution
		{6758658F-2E5B-4C66-9B33-74EEDF602DBF}.Debug|Any CPU.ActiveCfg = Debug|Any CPU
		{6758658F-2E5B-4C66-9B33-74EEDF602DBF}.Debug|Any CPU.Build.0 = Debug|Any CPU
		{6758658F-2E5B-4C66-9B33-74EEDF602DBF}.Release|Any CPU.ActiveCfg = Release|Any CPU
		{6758658F-2E5B-4C66-9B33-74EEDF602DBF}.Release|Any CPU.Build.0 = Release|Any CPU
		{8FBFF02A-C337-4E71-8F21-43D669F75633}.Debug|Any CPU.ActiveCfg = Debug|Any CPU
		{8FBFF02A-C337-4E71-8F21-43D669F75633}.Debug|Any CPU.Build.0 = Debug|Any CPU
		{8FBFF02A-C337-4E71-8F21-43D669F75633}.Release|Any CPU.ActiveCfg = Release|Any CPU
		{8FBFF02A-C337-4E71-8F21-43D669F75633}.Release|Any CPU.Build.0 = Release|Any CPU
		{E51D6E25-828A-42B3-9184-D3B8129D0AA5}.Debug|Any CPU.ActiveCfg = Debug|Any CPU
		{E51D6E25-828A-42B3-9184-D3B8129D0AA5}.Debug|Any CPU.Build.0 = Debug|Any CPU
		{E51D6E25-828A-42B3-9184-D3B8129D0AA5}.Release|Any CPU.ActiveCfg = Release|Any CPU
		{E51D6E25-828A-42B3-9184-D3B8129D0AA5}.Release|Any CPU.Build.0 = Release|Any CPU
		{43D3455E-0522-48F1-9878-7630D6282920}.Debug|Any CPU.ActiveCfg = Debug|Any CPU
		{43D3455E-0522-48F1-9878-7630D6282920}.Debug|Any CPU.Build.0 = Debug|Any CPU
		{43D3455E-0522-48F1-9878-7630D6282920}.Release|Any CPU.ActiveCfg = Release|Any CPU
		{43D3455E-0522-48F1-9878-7630D6282920}.Release|Any CPU.Build.0 = Release|Any CPU
		{5FC2A613-229D-4348-935C-9C6D0C6CF8F4}.Debug|Any CPU.ActiveCfg = Debug|Any CPU
		{5FC2A613-229D-4348-935C-9C6D0C6CF8F4}.Debug|Any CPU.Build.0 = Debug|Any CPU
		{5FC2A613-229D-4348-935C-9C6D0C6CF8F4}.Release|Any CPU.ActiveCfg = Release|Any CPU
		{5FC2A613-229D-4348-935C-9C6D0C6CF8F4}.Release|Any CPU.Build.0 = Release|Any CPU
		{2AA41D5A-20AC-4335-99D2-77BB90C8037C}.Debug|Any CPU.ActiveCfg = Debug|Any CPU
		{2AA41D5A-20AC-4335-99D2-77BB90C8037C}.Debug|Any CPU.Build.0 = Debug|Any CPU
		{2AA41D5A-20AC-4335-99D2-77BB90C8037C}.Release|Any CPU.ActiveCfg = Release|Any CPU
		{2AA41D5A-20AC-4335-99D2-77BB90C8037C}.Release|Any CPU.Build.0 = Release|Any CPU
	EndGlobalSection
	GlobalSection(SolutionProperties) = preSolution
		HideSolutionNode = FALSE
	EndGlobalSection
	GlobalSection(ExtensibilityGlobals) = postSolution
		SolutionGuid = {51140A7C-F00B-4B94-AD08-355E8C23BB16}
	EndGlobalSection
EndGlobal
