
Microsoft Visual Studio Solution File, Format Version 12.00
# Visual Studio Version 17
VisualStudioVersion = 17.4.33205.214
MinimumVisualStudioVersion = 10.0.40219.1
Project("{9A19103F-16F7-4668-BE54-9A1E7A4F7556}") = "Thea", "Thea\Thea.csproj", "{21D72783-7F4A-41C5-82BA-6A1921F0A3F3}"
EndProject
Project("{9A19103F-16F7-4668-BE54-9A1E7A4F7556}") = "Thea.Web", "Thea.Web\Thea.Web.csproj", "{62F48D9C-21C0-4A33-81B7-BBDD1C997D12}"
EndProject
Project("{9A19103F-16F7-4668-BE54-9A1E7A4F7556}") = "Thea.Logging", "Thea.Logging\Thea.Logging.csproj", "{F3BF3E6F-C821-40D6-B345-FB315BA2D607}"
EndProject
Project("{2150E333-8FDC-42A3-9474-1A3956D46DE8}") = "nuget", "nuget", "{39EB3D95-6E4D-4DD7-B403-C93C8D20DCA6}"
	ProjectSection(SolutionItems) = preProject
		nupkg\pack.ps1 = nupkg\pack.ps1
		nupkg\push.ps1 = nupkg\push.ps1
	EndProjectSection
EndProject
Project("{9A19103F-16F7-4668-BE54-9A1E7A4F7556}") = "Thea.Logging.Alarm", "Thea.Logging.Alarm\Thea.Logging.Alarm.csproj", "{85A5D82E-2688-4939-842E-38B7D792E2AA}"
EndProject
Project("{9A19103F-16F7-4668-BE54-9A1E7A4F7556}") = "Thea.Alarm", "Thea.Alarm\Thea.Alarm.csproj", "{084A6101-8FF1-43C2-B3A2-3DBB919435C4}"
EndProject
Project("{9A19103F-16F7-4668-BE54-9A1E7A4F7556}") = "Thea.Trolley", "Thea.Trolley\Thea.Trolley.csproj", "{6AD19D00-833D-4A2B-AC5F-91016A1F3491}"
EndProject
Project("{9A19103F-16F7-4668-BE54-9A1E7A4F7556}") = "Thea.Job", "Thea.Job\Thea.Job.csproj", "{705C01AD-026A-497E-9425-B7EF657F4479}"
EndProject
Project("{FAE04EC0-301F-11D3-BF4B-00C04F79EFBC}") = "CodeTemplate", "CodeTemplate\CodeTemplate.csproj", "{82E8F0F0-484A-4D4D-B61F-A968FAE2F9FD}"
EndProject
Project("{9A19103F-16F7-4668-BE54-9A1E7A4F7556}") = "Thea.JwtTokens", "Thea.JwtToken\Thea.JwtTokens.csproj", "{0DED3B7E-9F3E-4E36-8C91-1E57F2A8ED67}"
EndProject
Project("{FAE04EC0-301F-11D3-BF4B-00C04F79EFBC}") = "Thea.Trolley.MySqlConnector", "Thea.Trolley.MySqlConnector\Thea.Trolley.MySqlConnector.csproj", "{32AF15AE-0D5A-49A1-A3F9-980712F74A97}"
EndProject
Project("{FAE04EC0-301F-11D3-BF4B-00C04F79EFBC}") = "Thea.Trolley.SqlServer", "Thea.Trolley.SqlServer\Thea.Trolley.SqlServer.csproj", "{3270AAE9-979D-436D-91CB-BEE28A5F7FA5}"
EndProject
Global
	GlobalSection(SolutionConfigurationPlatforms) = preSolution
		Debug|Any CPU = Debug|Any CPU
		Release|Any CPU = Release|Any CPU
	EndGlobalSection
	GlobalSection(ProjectConfigurationPlatforms) = postSolution
		{21D72783-7F4A-41C5-82BA-6A1921F0A3F3}.Debug|Any CPU.ActiveCfg = Debug|Any CPU
		{21D72783-7F4A-41C5-82BA-6A1921F0A3F3}.Debug|Any CPU.Build.0 = Debug|Any CPU
		{21D72783-7F4A-41C5-82BA-6A1921F0A3F3}.Release|Any CPU.ActiveCfg = Release|Any CPU
		{21D72783-7F4A-41C5-82BA-6A1921F0A3F3}.Release|Any CPU.Build.0 = Release|Any CPU
		{62F48D9C-21C0-4A33-81B7-BBDD1C997D12}.Debug|Any CPU.ActiveCfg = Debug|Any CPU
		{62F48D9C-21C0-4A33-81B7-BBDD1C997D12}.Debug|Any CPU.Build.0 = Debug|Any CPU
		{62F48D9C-21C0-4A33-81B7-BBDD1C997D12}.Release|Any CPU.ActiveCfg = Release|Any CPU
		{62F48D9C-21C0-4A33-81B7-BBDD1C997D12}.Release|Any CPU.Build.0 = Release|Any CPU
		{F3BF3E6F-C821-40D6-B345-FB315BA2D607}.Debug|Any CPU.ActiveCfg = Debug|Any CPU
		{F3BF3E6F-C821-40D6-B345-FB315BA2D607}.Debug|Any CPU.Build.0 = Debug|Any CPU
		{F3BF3E6F-C821-40D6-B345-FB315BA2D607}.Release|Any CPU.ActiveCfg = Release|Any CPU
		{F3BF3E6F-C821-40D6-B345-FB315BA2D607}.Release|Any CPU.Build.0 = Release|Any CPU
		{85A5D82E-2688-4939-842E-38B7D792E2AA}.Debug|Any CPU.ActiveCfg = Debug|Any CPU
		{85A5D82E-2688-4939-842E-38B7D792E2AA}.Debug|Any CPU.Build.0 = Debug|Any CPU
		{85A5D82E-2688-4939-842E-38B7D792E2AA}.Release|Any CPU.ActiveCfg = Release|Any CPU
		{85A5D82E-2688-4939-842E-38B7D792E2AA}.Release|Any CPU.Build.0 = Release|Any CPU
		{084A6101-8FF1-43C2-B3A2-3DBB919435C4}.Debug|Any CPU.ActiveCfg = Debug|Any CPU
		{084A6101-8FF1-43C2-B3A2-3DBB919435C4}.Debug|Any CPU.Build.0 = Debug|Any CPU
		{084A6101-8FF1-43C2-B3A2-3DBB919435C4}.Release|Any CPU.ActiveCfg = Release|Any CPU
		{084A6101-8FF1-43C2-B3A2-3DBB919435C4}.Release|Any CPU.Build.0 = Release|Any CPU
		{6AD19D00-833D-4A2B-AC5F-91016A1F3491}.Debug|Any CPU.ActiveCfg = Debug|Any CPU
		{6AD19D00-833D-4A2B-AC5F-91016A1F3491}.Debug|Any CPU.Build.0 = Debug|Any CPU
		{6AD19D00-833D-4A2B-AC5F-91016A1F3491}.Release|Any CPU.ActiveCfg = Release|Any CPU
		{6AD19D00-833D-4A2B-AC5F-91016A1F3491}.Release|Any CPU.Build.0 = Release|Any CPU
		{705C01AD-026A-497E-9425-B7EF657F4479}.Debug|Any CPU.ActiveCfg = Debug|Any CPU
		{705C01AD-026A-497E-9425-B7EF657F4479}.Debug|Any CPU.Build.0 = Debug|Any CPU
		{705C01AD-026A-497E-9425-B7EF657F4479}.Release|Any CPU.ActiveCfg = Release|Any CPU
		{705C01AD-026A-497E-9425-B7EF657F4479}.Release|Any CPU.Build.0 = Release|Any CPU
		{82E8F0F0-484A-4D4D-B61F-A968FAE2F9FD}.Debug|Any CPU.ActiveCfg = Debug|Any CPU
		{82E8F0F0-484A-4D4D-B61F-A968FAE2F9FD}.Debug|Any CPU.Build.0 = Debug|Any CPU
		{82E8F0F0-484A-4D4D-B61F-A968FAE2F9FD}.Release|Any CPU.ActiveCfg = Release|Any CPU
		{82E8F0F0-484A-4D4D-B61F-A968FAE2F9FD}.Release|Any CPU.Build.0 = Release|Any CPU
		{0DED3B7E-9F3E-4E36-8C91-1E57F2A8ED67}.Debug|Any CPU.ActiveCfg = Debug|Any CPU
		{0DED3B7E-9F3E-4E36-8C91-1E57F2A8ED67}.Debug|Any CPU.Build.0 = Debug|Any CPU
		{0DED3B7E-9F3E-4E36-8C91-1E57F2A8ED67}.Release|Any CPU.ActiveCfg = Release|Any CPU
		{0DED3B7E-9F3E-4E36-8C91-1E57F2A8ED67}.Release|Any CPU.Build.0 = Release|Any CPU
		{32AF15AE-0D5A-49A1-A3F9-980712F74A97}.Debug|Any CPU.ActiveCfg = Debug|Any CPU
		{32AF15AE-0D5A-49A1-A3F9-980712F74A97}.Debug|Any CPU.Build.0 = Debug|Any CPU
		{32AF15AE-0D5A-49A1-A3F9-980712F74A97}.Release|Any CPU.ActiveCfg = Release|Any CPU
		{32AF15AE-0D5A-49A1-A3F9-980712F74A97}.Release|Any CPU.Build.0 = Release|Any CPU
		{3270AAE9-979D-436D-91CB-BEE28A5F7FA5}.Debug|Any CPU.ActiveCfg = Debug|Any CPU
		{3270AAE9-979D-436D-91CB-BEE28A5F7FA5}.Debug|Any CPU.Build.0 = Debug|Any CPU
		{3270AAE9-979D-436D-91CB-BEE28A5F7FA5}.Release|Any CPU.ActiveCfg = Release|Any CPU
		{3270AAE9-979D-436D-91CB-BEE28A5F7FA5}.Release|Any CPU.Build.0 = Release|Any CPU
	EndGlobalSection
	GlobalSection(SolutionProperties) = preSolution
		HideSolutionNode = FALSE
	EndGlobalSection
	GlobalSection(ExtensibilityGlobals) = postSolution
		SolutionGuid = {B6BA5E05-DB01-4531-AC7E-DFB7D4F119C0}
	EndGlobalSection
EndGlobal
